
Microsoft Visual Studio Solution File, Format Version 12.00
# Visual Studio 15
VisualStudioVersion = 15.0.28307.168
MinimumVisualStudioVersion = 10.0.40219.1
Project("{FAE04EC0-301F-11D3-BF4B-00C04F79EFBC}") = "01. Arrange Numbers", "01. Arrange Numbers\01. Arrange Numbers.csproj", "{3573F46A-4B62-47C0-8B52-C79D4A02E934}"
EndProject
Project("{FAE04EC0-301F-11D3-BF4B-00C04F79EFBC}") = "02. Monopoly", "02. Monopoly\02. Monopoly.csproj", "{BC96C84E-31E7-4883-BEA0-20B5AE7961E7}"
EndProject
Project("{FAE04EC0-301F-11D3-BF4B-00C04F79EFBC}") = "03. Basic Markup Language", "03. Basic Markup Language\03. Basic Markup Language.csproj", "{E7C5CECC-C6DB-4E02-B0C7-38E8588A4EFA}"
EndProject
Project("{FAE04EC0-301F-11D3-BF4B-00C04F79EFBC}") = "04. Champions League", "04. Champions League\04. Champions League.csproj", "{EF50943E-F178-48D1-B65A-88AD2664FCBD}"
EndProject
Global
	GlobalSection(SolutionConfigurationPlatforms) = preSolution
		Debug|Any CPU = Debug|Any CPU
		Release|Any CPU = Release|Any CPU
	EndGlobalSection
	GlobalSection(ProjectConfigurationPlatforms) = postSolution
		{3573F46A-4B62-47C0-8B52-C79D4A02E934}.Debug|Any CPU.ActiveCfg = Debug|Any CPU
		{3573F46A-4B62-47C0-8B52-C79D4A02E934}.Debug|Any CPU.Build.0 = Debug|Any CPU
		{3573F46A-4B62-47C0-8B52-C79D4A02E934}.Release|Any CPU.ActiveCfg = Release|Any CPU
		{3573F46A-4B62-47C0-8B52-C79D4A02E934}.Release|Any CPU.Build.0 = Release|Any CPU
		{BC96C84E-31E7-4883-BEA0-20B5AE7961E7}.Debug|Any CPU.ActiveCfg = Debug|Any CPU
		{BC96C84E-31E7-4883-BEA0-20B5AE7961E7}.Debug|Any CPU.Build.0 = Debug|Any CPU
		{BC96C84E-31E7-4883-BEA0-20B5AE7961E7}.Release|Any CPU.ActiveCfg = Release|Any CPU
		{BC96C84E-31E7-4883-BEA0-20B5AE7961E7}.Release|Any CPU.Build.0 = Release|Any CPU
		{E7C5CECC-C6DB-4E02-B0C7-38E8588A4EFA}.Debug|Any CPU.ActiveCfg = Debug|Any CPU
		{E7C5CECC-C6DB-4E02-B0C7-38E8588A4EFA}.Debug|Any CPU.Build.0 = Debug|Any CPU
		{E7C5CECC-C6DB-4E02-B0C7-38E8588A4EFA}.Release|Any CPU.ActiveCfg = Release|Any CPU
		{E7C5CECC-C6DB-4E02-B0C7-38E8588A4EFA}.Release|Any CPU.Build.0 = Release|Any CPU
		{EF50943E-F178-48D1-B65A-88AD2664FCBD}.Debug|Any CPU.ActiveCfg = Debug|Any CPU
		{EF50943E-F178-48D1-B65A-88AD2664FCBD}.Debug|Any CPU.Build.0 = Debug|Any CPU
		{EF50943E-F178-48D1-B65A-88AD2664FCBD}.Release|Any CPU.ActiveCfg = Release|Any CPU
		{EF50943E-F178-48D1-B65A-88AD2664FCBD}.Release|Any CPU.Build.0 = Release|Any CPU
	EndGlobalSection
	GlobalSection(SolutionProperties) = preSolution
		HideSolutionNode = FALSE
	EndGlobalSection
	GlobalSection(ExtensibilityGlobals) = postSolution
		SolutionGuid = {8B5F1157-B266-44E2-BA51-299C08544275}
	EndGlobalSection
EndGlobal
