
Microsoft Visual Studio Solution File, Format Version 12.00
# Visual Studio 15
VisualStudioVersion = 15.0.28307.168
MinimumVisualStudioVersion = 10.0.40219.1
Project("{FAE04EC0-301F-11D3-BF4B-00C04F79EFBC}") = "1. Sort Even Numbers", "1. Sort Even Numbers\1. Sort Even Numbers.csproj", "{BD15E330-E697-49AB-A2B0-87B2125AAB2A}"
EndProject
Project("{FAE04EC0-301F-11D3-BF4B-00C04F79EFBC}") = "2. Sum Numbers", "2. Sum Numbers\2. Sum Numbers.csproj", "{082881E9-23A3-4E00-B80E-7553DA05BE33}"
EndProject
Project("{FAE04EC0-301F-11D3-BF4B-00C04F79EFBC}") = "3. Count Uppercase Words", "3. Count Uppercase Words\3. Count Uppercase Words.csproj", "{B4054456-5D51-48BD-83CF-46BD24572A45}"
EndProject
Project("{FAE04EC0-301F-11D3-BF4B-00C04F79EFBC}") = "5. Filter by Age", "5. Filter by Age\5. Filter by Age.csproj", "{7A60CF02-8EF1-48EC-BDF0-0A9F9EFB9452}"
EndProject
Global
	GlobalSection(SolutionConfigurationPlatforms) = preSolution
		Debug|Any CPU = Debug|Any CPU
		Release|Any CPU = Release|Any CPU
	EndGlobalSection
	GlobalSection(ProjectConfigurationPlatforms) = postSolution
		{BD15E330-E697-49AB-A2B0-87B2125AAB2A}.Debug|Any CPU.ActiveCfg = Debug|Any CPU
		{BD15E330-E697-49AB-A2B0-87B2125AAB2A}.Debug|Any CPU.Build.0 = Debug|Any CPU
		{BD15E330-E697-49AB-A2B0-87B2125AAB2A}.Release|Any CPU.ActiveCfg = Release|Any CPU
		{BD15E330-E697-49AB-A2B0-87B2125AAB2A}.Release|Any CPU.Build.0 = Release|Any CPU
		{082881E9-23A3-4E00-B80E-7553DA05BE33}.Debug|Any CPU.ActiveCfg = Debug|Any CPU
		{082881E9-23A3-4E00-B80E-7553DA05BE33}.Debug|Any CPU.Build.0 = Debug|Any CPU
		{082881E9-23A3-4E00-B80E-7553DA05BE33}.Release|Any CPU.ActiveCfg = Release|Any CPU
		{082881E9-23A3-4E00-B80E-7553DA05BE33}.Release|Any CPU.Build.0 = Release|Any CPU
		{B4054456-5D51-48BD-83CF-46BD24572A45}.Debug|Any CPU.ActiveCfg = Debug|Any CPU
		{B4054456-5D51-48BD-83CF-46BD24572A45}.Debug|Any CPU.Build.0 = Debug|Any CPU
		{B4054456-5D51-48BD-83CF-46BD24572A45}.Release|Any CPU.ActiveCfg = Release|Any CPU
		{B4054456-5D51-48BD-83CF-46BD24572A45}.Release|Any CPU.Build.0 = Release|Any CPU
		{7A60CF02-8EF1-48EC-BDF0-0A9F9EFB9452}.Debug|Any CPU.ActiveCfg = Debug|Any CPU
		{7A60CF02-8EF1-48EC-BDF0-0A9F9EFB9452}.Debug|Any CPU.Build.0 = Debug|Any CPU
		{7A60CF02-8EF1-48EC-BDF0-0A9F9EFB9452}.Release|Any CPU.ActiveCfg = Release|Any CPU
		{7A60CF02-8EF1-48EC-BDF0-0A9F9EFB9452}.Release|Any CPU.Build.0 = Release|Any CPU
	EndGlobalSection
	GlobalSection(SolutionProperties) = preSolution
		HideSolutionNode = FALSE
	EndGlobalSection
	GlobalSection(ExtensibilityGlobals) = postSolution
		SolutionGuid = {4FDF6482-36D2-45F8-9058-C13841F43971}
	EndGlobalSection
EndGlobal
